PODS:
  - Charts (3.2.2):
    - Charts/Core (= 3.2.2)
  - Charts/Core (3.2.2)
  - IQKeyboardManagerSwift (6.2.1)
  - Realm (3.14.0):
    - Realm/Headers (= 3.14.0)
  - Realm/Headers (3.14.0)
  - RealmSwift (3.14.0):
    - Realm (= 3.14.0)
  - SPStorkController (1.6)
  - SwipeCellKit (2.5.4)

DEPENDENCIES:
  - Charts
  - IQKeyboardManagerSwift
  - RealmSwift
  - SPStorkController
  - SwipeCellKit

SPEC REPOS:
  https://github.com/cocoapods/specs.git:
    - Charts
    - IQKeyboardManagerSwift
    - Realm
    - RealmSwift
    - SPStorkController
    - SwipeCellKit

SPEC CHECKSUMS:
  Charts: f69cf0518b6d1d62608ca504248f1bbe0b6ae77e
  IQKeyboardManagerSwift: 0f0ae8935360b4003e6ea1ac7c19898f01e2f7c7
  Realm: 221b25919bb5a010a3c597d707f8df3492dcd93a
  RealmSwift: 28f22dfa6a27b9a778cfb09471558b6afcf1022c
  SPStorkController: 54293a8a1ca3c691a09eb6274b6e487b602e975a
  SwipeCellKit: 4eada3884ab1bbae5e8d2fb9030c242aa23d7f42

PODFILE CHECKSUM: 8f0ecac4c5d256a9ec3415a18e3cb96c72e162b6

COCOAPODS: 1.6.1
